// !$*UTF8*$!
{
	archiveVersion = 1;
	classes = {
	};
	objectVersion = 46;
	objects = {

/* Begin PBXBuildFile section */
		CC5C3A441A6913E800D89F9B /* libpython2.7.dylib in Frameworks */ = {isa = PBXBuildFile; fileRef = CC5C3A431A6913E800D89F9B /* libpython2.7.dylib */; };
		CC5C3A551A69144000D89F9B /* client.py in Resources */ = {isa = PBXBuildFile; fileRef = CC5C3A451A69144000D89F9B /* client.py */; };
		CC5C3A561A69144000D89F9B /* Credits.rtf in Resources */ = {isa = PBXBuildFile; fileRef = CC5C3A471A69144000D89F9B /* Credits.rtf */; };
		CC5C3A571A69144000D89F9B /* InfoPlist.strings in Resources */ = {isa = PBXBuildFile; fileRef = CC5C3A491A69144000D89F9B /* InfoPlist.strings */; };
		CC5C3A581A69144000D89F9B /* MainMenu.xib in Resources */ = {isa = PBXBuildFile; fileRef = CC5C3A4B1A69144000D89F9B /* MainMenu.xib */; };
		CC5C3A591A69144000D89F9B /* wayfinding.icns in Resources */ = {isa = PBXBuildFile; fileRef = CC5C3A4D1A69144000D89F9B /* wayfinding.icns */; };
		CC5C3A5A1A69144000D89F9B /* Info.plist in Resources */ = {isa = PBXBuildFile; fileRef = CC5C3A4F1A69144000D89F9B /* Info.plist */; };
		CC5C3A5B1A69144000D89F9B /* main.m in Sources */ = {isa = PBXBuildFile; fileRef = CC5C3A501A69144000D89F9B /* main.m */; };
		CC5C3A5C1A69144000D89F9B /* main.py in Resources */ = {isa = PBXBuildFile; fileRef = CC5C3A511A69144000D89F9B /* main.py */; };
		CC5C3A5D1A69144000D89F9B /* portfolioapp.py in Resources */ = {isa = PBXBuildFile; fileRef = CC5C3A521A69144000D89F9B /* portfolioapp.py */; };
		CC5C3A5E1A69144000D89F9B /* PortfolioAppDelegate.py in Resources */ = {isa = PBXBuildFile; fileRef = CC5C3A531A69144000D89F9B /* PortfolioAppDelegate.py */; };
		CC5C3A5F1A69144000D89F9B /* setup.py in Resources */ = {isa = PBXBuildFile; fileRef = CC5C3A541A69144000D89F9B /* setup.py */; };
/* End PBXBuildFile section */

/* Begin PBXFileReference section */
		CC4785691A68422E00C9877D /* PortfolioApp.app */ = {isa = PBXFileReference; explicitFileType = wrapper.application; includeInIndex = 0; path = PortfolioApp.app; sourceTree = BUILT_PRODUCTS_DIR; };
		CC5C3A431A6913E800D89F9B /* libpython2.7.dylib */ = {isa = PBXFileReference; lastKnownFileType = "compiled.mach-o.dylib"; name = libpython2.7.dylib; path = /System/Library/Frameworks/Python.framework/Versions/2.7/lib/python2.7/config/libpython2.7.dylib; sourceTree = "<absolute>"; };
		CC5C3A451A69144000D89F9B /* client.py */ = {isa = PBXFileReference; fileEncoding = 4; lastKnownFileType = text.script.python; path = client.py; sourceTree = "<group>"; };
		CC5C3A481A69144000D89F9B /* en */ = {isa = PBXFileReference; lastKnownFileType = text.rtf; name = en; path = Credits.rtf; sourceTree = "<group>"; };
		CC5C3A4A1A69144000D89F9B /* en */ = {isa = PBXFileReference; lastKnownFileType = text.plist.strings; name = en; path = InfoPlist.strings; sourceTree = "<group>"; };
		CC5C3A4C1A69144000D89F9B /* en */ = {isa = PBXFileReference; lastKnownFileType = file.xib; name = en; path = MainMenu.xib; sourceTree = "<group>"; };
		CC5C3A4E1A69144000D89F9B /* en */ = {isa = PBXFileReference; lastKnownFileType = image.icns; name = en; path = wayfinding.icns; sourceTree = "<group>"; };
		CC5C3A4F1A69144000D89F9B /* Info.plist */ = {isa = PBXFileReference; fileEncoding = 4; lastKnownFileType = text.plist.xml; path = Info.plist; sourceTree = "<group>"; };
		CC5C3A501A69144000D89F9B /* main.m */ = {isa = PBXFileReference; fileEncoding = 4; lastKnownFileType = sourcecode.c.objc; path = main.m; sourceTree = "<group>"; };
		CC5C3A511A69144000D89F9B /* main.py */ = {isa = PBXFileReference; fileEncoding = 4; lastKnownFileType = text.script.python; path = main.py; sourceTree = "<group>"; };
		CC5C3A521A69144000D89F9B /* portfolioapp.py */ = {isa = PBXFileReference; fileEncoding = 4; lastKnownFileType = text.script.python; path = portfolioapp.py; sourceTree = "<group>"; };
		CC5C3A531A69144000D89F9B /* PortfolioAppDelegate.py */ = {isa = PBXFileReference; fileEncoding = 4; lastKnownFileType = text.script.python; path = PortfolioAppDelegate.py; sourceTree = "<group>"; };
		CC5C3A541A69144000D89F9B /* setup.py */ = {isa = PBXFileReference; fileEncoding = 4; lastKnownFileType = text.script.python; path = setup.py; sourceTree = "<group>"; };
/* End PBXFileReference section */

/* Begin PBXFrameworksBuildPhase section */
		CC4785661A68422E00C9877D /* Frameworks */ = {
			isa = PBXFrameworksBuildPhase;
			buildActionMask = 2147483647;
			files = (
				CC5C3A441A6913E800D89F9B /* libpython2.7.dylib in Frameworks */,
			);
			runOnlyForDeploymentPostprocessing = 0;
		};
/* End PBXFrameworksBuildPhase section */

/* Begin PBXGroup section */
		CC47855E1A68416900C9877D = {
			isa = PBXGroup;
			children = (
				CC47856B1A68422E00C9877D /* PortfolioApp */,
				CC47856A1A68422E00C9877D /* Products */,
				CC5C3A431A6913E800D89F9B /* libpython2.7.dylib */,
			);
			sourceTree = "<group>";
		};
		CC47856A1A68422E00C9877D /* Products */ = {
			isa = PBXGroup;
			children = (
				CC4785691A68422E00C9877D /* PortfolioApp.app */,
			);
			name = Products;
			sourceTree = "<group>";
		};
		CC47856B1A68422E00C9877D /* PortfolioApp */ = {
			isa = PBXGroup;
			children = (
				CC5C3A451A69144000D89F9B /* client.py */,
				CC5C3A461A69144000D89F9B /* en.lproj */,
				CC5C3A4F1A69144000D89F9B /* Info.plist */,
				CC5C3A501A69144000D89F9B /* main.m */,
				CC5C3A511A69144000D89F9B /* main.py */,
				CC5C3A521A69144000D89F9B /* portfolioapp.py */,
				CC5C3A531A69144000D89F9B /* PortfolioAppDelegate.py */,
				CC5C3A541A69144000D89F9B /* setup.py */,
			);
			path = PortfolioApp;
			sourceTree = "<group>";
		};
		CC5C3A461A69144000D89F9B /* en.lproj */ = {
			isa = PBXGroup;
			children = (
				CC5C3A471A69144000D89F9B /* Credits.rtf */,
				CC5C3A491A69144000D89F9B /* InfoPlist.strings */,
				CC5C3A4B1A69144000D89F9B /* MainMenu.xib */,
				CC5C3A4D1A69144000D89F9B /* wayfinding.icns */,
			);
			path = en.lproj;
			sourceTree = "<group>";
		};
/* End PBXGroup section */

/* Begin PBXNativeTarget section */
		CC4785681A68422E00C9877D /* PortfolioApp */ = {
			isa = PBXNativeTarget;
			buildConfigurationList = CC4785881A68422F00C9877D /* Build configuration list for PBXNativeTarget "PortfolioApp" */;
			buildPhases = (
				CC4785651A68422E00C9877D /* Sources */,
				CC4785661A68422E00C9877D /* Frameworks */,
				CC4785671A68422E00C9877D /* Resources */,
			);
			buildRules = (
			);
			dependencies = (
			);
			name = PortfolioApp;
			productName = PortfolioApp;
			productReference = CC4785691A68422E00C9877D /* PortfolioApp.app */;
			productType = "com.apple.product-type.application";
		};
/* End PBXNativeTarget section */

/* Begin PBXProject section */
		CC47855F1A68416900C9877D /* Project object */ = {
			isa = PBXProject;
			attributes = {
				LastUpgradeCheck = 0610;
				TargetAttributes = {
					CC4785681A68422E00C9877D = {
						CreatedOnToolsVersion = 6.1.1;
					};
				};
			};
			buildConfigurationList = CC4785621A68416900C9877D /* Build configuration list for PBXProject "PortfolioApp" */;
			compatibilityVersion = "Xcode 3.2";
			developmentRegion = English;
			hasScannedForEncodings = 0;
			knownRegions = (
				en,
				Base,
			);
			mainGroup = CC47855E1A68416900C9877D;
			productRefGroup = CC47856A1A68422E00C9877D /* Products */;
			projectDirPath = "";
			projectRoot = "";
			targets = (
				CC4785681A68422E00C9877D /* PortfolioApp */,
			);
		};
/* End PBXProject section */

/* Begin PBXResourcesBuildPhase section */
		CC4785671A68422E00C9877D /* Resources */ = {
			isa = PBXResourcesBuildPhase;
			buildActionMask = 2147483647;
			files = (
				CC5C3A5C1A69144000D89F9B /* main.py in Resources */,
				CC5C3A551A69144000D89F9B /* client.py in Resources */,
				CC5C3A571A69144000D89F9B /* InfoPlist.strings in Resources */,
				CC5C3A5A1A69144000D89F9B /* Info.plist in Resources */,
				CC5C3A561A69144000D89F9B /* Credits.rtf in Resources */,
				CC5C3A5D1A69144000D89F9B /* portfolioapp.py in Resources */,
				CC5C3A5E1A69144000D89F9B /* PortfolioAppDelegate.py in Resources */,
				CC5C3A591A69144000D89F9B /* wayfinding.icns in Resources */,
				CC5C3A5F1A69144000D89F9B /* setup.py in Resources */,
				CC5C3A581A69144000D89F9B /* MainMenu.xib in Resources */,
			);
			runOnlyForDeploymentPostprocessing = 0;
		};
/* End PBXResourcesBuildPhase section */

/* Begin PBXSourcesBuildPhase section */
		CC4785651A68422E00C9877D /* Sources */ = {
			isa = PBXSourcesBuildPhase;
			buildActionMask = 2147483647;
			files = (
				CC5C3A5B1A69144000D89F9B /* main.m in Sources */,
			);
			runOnlyForDeploymentPostprocessing = 0;
		};
/* End PBXSourcesBuildPhase section */

/* Begin PBXVariantGroup section */
		CC5C3A471A69144000D89F9B /* Credits.rtf */ = {
			isa = PBXVariantGroup;
			children = (
				CC5C3A481A69144000D89F9B /* en */,
			);
			name = Credits.rtf;
			sourceTree = "<group>";
		};
		CC5C3A491A69144000D89F9B /* InfoPlist.strings */ = {
			isa = PBXVariantGroup;
			children = (
				CC5C3A4A1A69144000D89F9B /* en */,
			);
			name = InfoPlist.strings;
			sourceTree = "<group>";
		};
		CC5C3A4B1A69144000D89F9B /* MainMenu.xib */ = {
			isa = PBXVariantGroup;
			children = (
				CC5C3A4C1A69144000D89F9B /* en */,
			);
			name = MainMenu.xib;
			sourceTree = "<group>";
		};
		CC5C3A4D1A69144000D89F9B /* wayfinding.icns */ = {
			isa = PBXVariantGroup;
			children = (
				CC5C3A4E1A69144000D89F9B /* en */,
			);
			name = wayfinding.icns;
			sourceTree = "<group>";
		};
/* End PBXVariantGroup section */

/* Begin XCBuildConfiguration section */
		CC4785631A68416900C9877D /* Debug */ = {
			isa = XCBuildConfiguration;
			buildSettings = {
			};
			name = Debug;
		};
		CC4785641A68416900C9877D /* Release */ = {
			isa = XCBuildConfiguration;
			buildSettings = {
			};
			name = Release;
		};
		CC4785841A68422F00C9877D /* Debug */ = {
			isa = XCBuildConfiguration;
			buildSettings = {
				ALWAYS_SEARCH_USER_PATHS = NO;
				ASSETCATALOG_COMPILER_APPICON_NAME = AppIcon;
				CLANG_CXX_LANGUAGE_STANDARD = "gnu++0x";
				CLANG_CXX_LIBRARY = "libc++";
				CLANG_ENABLE_MODULES = YES;
				CLANG_ENABLE_OBJC_ARC = YES;
				CLANG_WARN_BOOL_CONVERSION = YES;
				CLANG_WARN_CONSTANT_CONVERSION = YES;
				CLANG_WARN_DIRECT_OBJC_ISA_USAGE = YES_ERROR;
				CLANG_WARN_EMPTY_BODY = YES;
				CLANG_WARN_ENUM_CONVERSION = YES;
				CLANG_WARN_INT_CONVERSION = YES;
				CLANG_WARN_OBJC_ROOT_CLASS = YES_ERROR;
				CLANG_WARN_UNREACHABLE_CODE = YES;
				CLANG_WARN__DUPLICATE_METHOD_MATCH = YES;
				CODE_SIGN_IDENTITY = "-";
				COMBINE_HIDPI_IMAGES = YES;
				COPY_PHASE_STRIP = NO;
				ENABLE_STRICT_OBJC_MSGSEND = YES;
				GCC_C_LANGUAGE_STANDARD = gnu99;
				GCC_DYNAMIC_NO_PIC = NO;
				GCC_OPTIMIZATION_LEVEL = 0;
				GCC_PREPROCESSOR_DEFINITIONS = (
					"DEBUG=1",
					"$(inherited)",
				);
				GCC_SYMBOLS_PRIVATE_EXTERN = NO;
				GCC_WARN_64_TO_32_BIT_CONVERSION = YES;
				GCC_WARN_ABOUT_RETURN_TYPE = YES_ERROR;
				GCC_WARN_UNDECLARED_SELECTOR = YES;
				GCC_WARN_UNINITIALIZED_AUTOS = YES_AGGRESSIVE;
				GCC_WARN_UNUSED_FUNCTION = YES;
				GCC_WARN_UNUSED_VARIABLE = YES;
				INFOPLIST_FILE = PortfolioApp/Info.plist;
				LD_RUNPATH_SEARCH_PATHS = "$(inherited) @executable_path/../Frameworks";
				LIBRARY_SEARCH_PATHS = (
					"$(inherited)",
					"$(SYSTEM_LIBRARY_DIR)/Frameworks/Python.framework/Versions/2.7/lib/python2.7/config",
				);
				MACOSX_DEPLOYMENT_TARGET = 10.9;
				MTL_ENABLE_DEBUG_INFO = YES;
				ONLY_ACTIVE_ARCH = YES;
				PRODUCT_NAME = "$(TARGET_NAME)";
				SDKROOT = macosx;
			};
			name = Debug;
		};
		CC4785851A68422F00C9877D /* Release */ = {
			isa = XCBuildConfiguration;
			buildSettings = {
				ALWAYS_SEARCH_USER_PATHS = NO;
				ASSETCATALOG_COMPILER_APPICON_NAME = AppIcon;
				CLANG_CXX_LANGUAGE_STANDARD = "gnu++0x";
				CLANG_CXX_LIBRARY = "libc++";
				CLANG_ENABLE_MODULES = YES;
				CLANG_ENABLE_OBJC_ARC = YES;
				CLANG_WARN_BOOL_CONVERSION = YES;
				CLANG_WARN_CONSTANT_CONVERSION = YES;
				CLANG_WARN_DIRECT_OBJC_ISA_USAGE = YES_ERROR;
				CLANG_WARN_EMPTY_BODY = YES;
				CLANG_WARN_ENUM_CONVERSION = YES;
				CLANG_WARN_INT_CONVERSION = YES;
				CLANG_WARN_OBJC_ROOT_CLASS = YES_ERROR;
				CLANG_WARN_UNREACHABLE_CODE = YES;
				CLANG_WARN__DUPLICATE_METHOD_MATCH = YES;
				CODE_SIGN_IDENTITY = "-";
				COMBINE_HIDPI_IMAGES = YES;
				COPY_PHASE_STRIP = YES;
				DEBUG_INFORMATION_FORMAT = "dwarf-with-dsym";
				ENABLE_NS_ASSERTIONS = NO;
				ENABLE_STRICT_OBJC_MSGSEND = YES;
				GCC_C_LANGUAGE_STANDARD = gnu99;
				GCC_WARN_64_TO_32_BIT_CONVERSION = YES;
				GCC_WARN_ABOUT_RETURN_TYPE = YES_ERROR;
				GCC_WARN_UNDECLARED_SELECTOR = YES;
				GCC_WARN_UNINITIALIZED_AUTOS = YES_AGGRESSIVE;
				GCC_WARN_UNUSED_FUNCTION = YES;
				GCC_WARN_UNUSED_VARIABLE = YES;
				INFOPLIST_FILE = PortfolioApp/Info.plist;
				LD_RUNPATH_SEARCH_PATHS = "$(inherited) @executable_path/../Frameworks";
				LIBRARY_SEARCH_PATHS = (
					"$(inherited)",
					"$(SYSTEM_LIBRARY_DIR)/Frameworks/Python.framework/Versions/2.7/lib/python2.7/config",
				);
				MACOSX_DEPLOYMENT_TARGET = 10.9;
				MTL_ENABLE_DEBUG_INFO = NO;
				PRODUCT_NAME = "$(TARGET_NAME)";
				SDKROOT = macosx;
			};
			name = Release;
		};
/* End XCBuildConfiguration section */

/* Begin XCConfigurationList section */
		CC4785621A68416900C9877D /* Build configuration list for PBXProject "PortfolioApp" */ = {
			isa = XCConfigurationList;
			buildConfigurations = (
				CC4785631A68416900C9877D /* Debug */,
				CC4785641A68416900C9877D /* Release */,
			);
			defaultConfigurationIsVisible = 0;
			defaultConfigurationName = Release;
		};
		CC4785881A68422F00C9877D /* Build configuration list for PBXNativeTarget "PortfolioApp" */ = {
			isa = XCConfigurationList;
			buildConfigurations = (
				CC4785841A68422F00C9877D /* Debug */,
				CC4785851A68422F00C9877D /* Release */,
			);
			defaultConfigurationIsVisible = 0;
			defaultConfigurationName = Release;
		};
/* End XCConfigurationList section */
	};
	rootObject = CC47855F1A68416900C9877D /* Project object */;
}
